
Microsoft Visual Studio Solution File, Format Version 12.00
# Visual Studio Version 16
VisualStudioVersion = 16.0.31005.135
MinimumVisualStudioVersion = 10.0.40219.1
Project("{9A19103F-16F7-4668-BE54-9A1E7A4F7556}") = "ShoppingCartMicroService", "ShoppingCartMicroService\ShoppingCartMicroService.csproj", "{1A7DE5CC-8184-4659-B04C-37D65D3331D0}"
EndProject
Project("{FAE04EC0-301F-11D3-BF4B-00C04F79EFBC}") = "ShoppingCartMicroService.Tests", "ShoppingCartMicroService.Tests\ShoppingCartMicroService.Tests.csproj", "{B40F29D9-08DE-4E9C-A73A-39A989CE9295}"
EndProject
Global
	GlobalSection(SolutionConfigurationPlatforms) = preSolution
		Debug|Any CPU = Debug|Any CPU
		Release|Any CPU = Release|Any CPU
	EndGlobalSection
	GlobalSection(ProjectConfigurationPlatforms) = postSolution
		{1A7DE5CC-8184-4659-B04C-37D65D3331D0}.Debug|Any CPU.ActiveCfg = Debug|Any CPU
		{1A7DE5CC-8184-4659-B04C-37D65D3331D0}.Debug|Any CPU.Build.0 = Debug|Any CPU
		{1A7DE5CC-8184-4659-B04C-37D65D3331D0}.Release|Any CPU.ActiveCfg = Release|Any CPU
		{1A7DE5CC-8184-4659-B04C-37D65D3331D0}.Release|Any CPU.Build.0 = Release|Any CPU
		{B40F29D9-08DE-4E9C-A73A-39A989CE9295}.Debug|Any CPU.ActiveCfg = Debug|Any CPU
		{B40F29D9-08DE-4E9C-A73A-39A989CE9295}.Debug|Any CPU.Build.0 = Debug|Any CPU
		{B40F29D9-08DE-4E9C-A73A-39A989CE9295}.Release|Any CPU.ActiveCfg = Release|Any CPU
		{B40F29D9-08DE-4E9C-A73A-39A989CE9295}.Release|Any CPU.Build.0 = Release|Any CPU
	EndGlobalSection
	GlobalSection(SolutionProperties) = preSolution
		HideSolutionNode = FALSE
	EndGlobalSection
	GlobalSection(ExtensibilityGlobals) = postSolution
		SolutionGuid = {493392FB-CAD9-4D8C-AAE8-36AB005854E1}
	EndGlobalSection
EndGlobal
